
Microsoft Visual Studio Solution File, Format Version 12.00
# Visual Studio 14
VisualStudioVersion = 14.0.25420.1
MinimumVisualStudioVersion = 10.0.40219.1
Project("{FAE04EC0-301F-11D3-BF4B-00C04F79EFBC}") = "OurBlog", "OurBlog\OurBlog.csproj", "{71A71EBA-8AAF-4402-8E49-A6516CD1CD17}"
EndProject
Project("{2150E333-8FDC-42A3-9474-1A3956D46DE8}") = "Blog.Bll", "Blog.Bll", "{9CAB040D-6CEE-4492-BD1D-670C1A4E1E03}"
EndProject
Project("{2150E333-8FDC-42A3-9474-1A3956D46DE8}") = "Blog.Dal", "Blog.Dal", "{FB39BF5B-5594-4529-A80B-43B46949E7FD}"
EndProject
Project("{2150E333-8FDC-42A3-9474-1A3956D46DE8}") = "Blog.Helper", "Blog.Helper", "{9BDFBBEC-39E7-409D-A929-D3BFA2495B75}"
EndProject
Project("{2150E333-8FDC-42A3-9474-1A3956D46DE8}") = "Blog.Model", "Blog.Model", "{1C743FBE-3C4D-46FC-B445-B3ACADAE512D}"
EndProject
Project("{FAE04EC0-301F-11D3-BF4B-00C04F79EFBC}") = "OurBlog.Helper", "OurBlog.Helper\OurBlog.Helper.csproj", "{E20DC4FD-A12C-4070-B762-B6A0539C477D}"
EndProject
Project("{FAE04EC0-301F-11D3-BF4B-00C04F79EFBC}") = "OurBlog.Model", "OurBlog.Model\OurBlog.Model.csproj", "{8C2D658C-282B-4673-9058-AABEF5AB1E6D}"
EndProject
Project("{FAE04EC0-301F-11D3-BF4B-00C04F79EFBC}") = "OurBlog.Dal", "OurBlog.Dal\OurBlog.Dal.csproj", "{C40D7EFE-31B4-4CA5-B213-0CFB28BDF582}"
EndProject
Project("{FAE04EC0-301F-11D3-BF4B-00C04F79EFBC}") = "OurBlog.Bll", "OurBlog.Bll\OurBlog.Bll.csproj", "{D18E4748-18D3-4870-9254-37AF3D9875CE}"
EndProject
Project("{FAE04EC0-301F-11D3-BF4B-00C04F79EFBC}") = "OurBlog.IBll", "OurBlog.IBll\OurBlog.IBll.csproj", "{FE08D440-0635-422E-94BF-0340EBBBF23A}"
EndProject
Project("{FAE04EC0-301F-11D3-BF4B-00C04F79EFBC}") = "OurBlog.IDal", "OurBlog.IDal\OurBlog.IDal.csproj", "{61851C95-4503-4416-8261-CB63A1D32662}"
EndProject
Global
	GlobalSection(SolutionConfigurationPlatforms) = preSolution
		Debug|Any CPU = Debug|Any CPU
		Release|Any CPU = Release|Any CPU
	EndGlobalSection
	GlobalSection(ProjectConfigurationPlatforms) = postSolution
		{71A71EBA-8AAF-4402-8E49-A6516CD1CD17}.Debug|Any CPU.ActiveCfg = Debug|Any CPU
		{71A71EBA-8AAF-4402-8E49-A6516CD1CD17}.Debug|Any CPU.Build.0 = Debug|Any CPU
		{71A71EBA-8AAF-4402-8E49-A6516CD1CD17}.Release|Any CPU.ActiveCfg = Release|Any CPU
		{71A71EBA-8AAF-4402-8E49-A6516CD1CD17}.Release|Any CPU.Build.0 = Release|Any CPU
		{E20DC4FD-A12C-4070-B762-B6A0539C477D}.Debug|Any CPU.ActiveCfg = Debug|Any CPU
		{E20DC4FD-A12C-4070-B762-B6A0539C477D}.Debug|Any CPU.Build.0 = Debug|Any CPU
		{E20DC4FD-A12C-4070-B762-B6A0539C477D}.Release|Any CPU.ActiveCfg = Release|Any CPU
		{E20DC4FD-A12C-4070-B762-B6A0539C477D}.Release|Any CPU.Build.0 = Release|Any CPU
		{8C2D658C-282B-4673-9058-AABEF5AB1E6D}.Debug|Any CPU.ActiveCfg = Debug|Any CPU
		{8C2D658C-282B-4673-9058-AABEF5AB1E6D}.Debug|Any CPU.Build.0 = Debug|Any CPU
		{8C2D658C-282B-4673-9058-AABEF5AB1E6D}.Release|Any CPU.ActiveCfg = Release|Any CPU
		{8C2D658C-282B-4673-9058-AABEF5AB1E6D}.Release|Any CPU.Build.0 = Release|Any CPU
		{C40D7EFE-31B4-4CA5-B213-0CFB28BDF582}.Debug|Any CPU.ActiveCfg = Debug|Any CPU
		{C40D7EFE-31B4-4CA5-B213-0CFB28BDF582}.Debug|Any CPU.Build.0 = Debug|Any CPU
		{C40D7EFE-31B4-4CA5-B213-0CFB28BDF582}.Release|Any CPU.ActiveCfg = Release|Any CPU
		{C40D7EFE-31B4-4CA5-B213-0CFB28BDF582}.Release|Any CPU.Build.0 = Release|Any CPU
		{D18E4748-18D3-4870-9254-37AF3D9875CE}.Debug|Any CPU.ActiveCfg = Debug|Any CPU
		{D18E4748-18D3-4870-9254-37AF3D9875CE}.Debug|Any CPU.Build.0 = Debug|Any CPU
		{D18E4748-18D3-4870-9254-37AF3D9875CE}.Release|Any CPU.ActiveCfg = Release|Any CPU
		{D18E4748-18D3-4870-9254-37AF3D9875CE}.Release|Any CPU.Build.0 = Release|Any CPU
		{FE08D440-0635-422E-94BF-0340EBBBF23A}.Debug|Any CPU.ActiveCfg = Debug|Any CPU
		{FE08D440-0635-422E-94BF-0340EBBBF23A}.Debug|Any CPU.Build.0 = Debug|Any CPU
		{FE08D440-0635-422E-94BF-0340EBBBF23A}.Release|Any CPU.ActiveCfg = Release|Any CPU
		{FE08D440-0635-422E-94BF-0340EBBBF23A}.Release|Any CPU.Build.0 = Release|Any CPU
		{61851C95-4503-4416-8261-CB63A1D32662}.Debug|Any CPU.ActiveCfg = Debug|Any CPU
		{61851C95-4503-4416-8261-CB63A1D32662}.Debug|Any CPU.Build.0 = Debug|Any CPU
		{61851C95-4503-4416-8261-CB63A1D32662}.Release|Any CPU.ActiveCfg = Release|Any CPU
		{61851C95-4503-4416-8261-CB63A1D32662}.Release|Any CPU.Build.0 = Release|Any CPU
	EndGlobalSection
	GlobalSection(SolutionProperties) = preSolution
		HideSolutionNode = FALSE
	EndGlobalSection
	GlobalSection(NestedProjects) = preSolution
		{E20DC4FD-A12C-4070-B762-B6A0539C477D} = {9BDFBBEC-39E7-409D-A929-D3BFA2495B75}
		{8C2D658C-282B-4673-9058-AABEF5AB1E6D} = {1C743FBE-3C4D-46FC-B445-B3ACADAE512D}
		{C40D7EFE-31B4-4CA5-B213-0CFB28BDF582} = {FB39BF5B-5594-4529-A80B-43B46949E7FD}
		{D18E4748-18D3-4870-9254-37AF3D9875CE} = {9CAB040D-6CEE-4492-BD1D-670C1A4E1E03}
		{FE08D440-0635-422E-94BF-0340EBBBF23A} = {9CAB040D-6CEE-4492-BD1D-670C1A4E1E03}
		{61851C95-4503-4416-8261-CB63A1D32662} = {FB39BF5B-5594-4529-A80B-43B46949E7FD}
	EndGlobalSection
EndGlobal
